// !$*UTF8*$!
{
	archiveVersion = 1;
	classes = {
	};
	objectVersion = 55;
	objects = {

/* Begin PBXBuildFile section */
		C883F7642826B80600A3D056 /* AppDelegate.swift in Sources */ = {isa = PBXBuildFile; fileRef = C883F7632826B80600A3D056 /* AppDelegate.swift */; };
		C883F7662826B80600A3D056 /* SceneDelegate.swift in Sources */ = {isa = PBXBuildFile; fileRef = C883F7652826B80600A3D056 /* SceneDelegate.swift */; };
		C883F7682826B80600A3D056 /* ViewController.swift in Sources */ = {isa = PBXBuildFile; fileRef = C883F7672826B80600A3D056 /* ViewController.swift */; };
		C883F76B2826B80600A3D056 /* Main.storyboard in Resources */ = {isa = PBXBuildFile; fileRef = C883F7692826B80600A3D056 /* Main.storyboard */; };
		C883F76D2826B80800A3D056 /* Assets.xcassets in Resources */ = {isa = PBXBuildFile; fileRef = C883F76C2826B80800A3D056 /* Assets.xcassets */; };
		C883F7702826B80800A3D056 /* LaunchScreen.storyboard in Resources */ = {isa = PBXBuildFile; fileRef = C883F76E2826B80800A3D056 /* LaunchScreen.storyboard */; };
		C883F77B2826B80800A3D056 /* PermissionProjectTests.swift in Sources */ = {isa = PBXBuildFile; fileRef = C883F77A2826B80800A3D056 /* PermissionProjectTests.swift */; };
		C883F7852826B80800A3D056 /* PermissionProjectUITests.swift in Sources */ = {isa = PBXBuildFile; fileRef = C883F7842826B80800A3D056 /* PermissionProjectUITests.swift */; };
		C883F7872826B80800A3D056 /* PermissionProjectUITestsLaunchTests.swift in Sources */ = {isa = PBXBuildFile; fileRef = C883F7862826B80800A3D056 /* PermissionProjectUITestsLaunchTests.swift */; };
/* End PBXBuildFile section */

/* Begin PBXContainerItemProxy section */
		C883F7772826B80800A3D056 /* PBXContainerItemProxy */ = {
			isa = PBXContainerItemProxy;
			containerPortal = C883F7582826B80600A3D056 /* Project object */;
			proxyType = 1;
			remoteGlobalIDString = C883F75F2826B80600A3D056;
			remoteInfo = PermissionProject;
		};
		C883F7812826B80800A3D056 /* PBXContainerItemProxy */ = {
			isa = PBXContainerItemProxy;
			containerPortal = C883F7582826B80600A3D056 /* Project object */;
			proxyType = 1;
			remoteGlobalIDString = C883F75F2826B80600A3D056;
			remoteInfo = PermissionProject;
		};
/* End PBXContainerItemProxy section */

/* Begin PBXFileReference section */
		C883F7602826B80600A3D056 /* PermissionProject.app */ = {isa = PBXFileReference; explicitFileType = wrapper.application; includeInIndex = 0; path = PermissionProject.app; sourceTree = BUILT_PRODUCTS_DIR; };
		C883F7632826B80600A3D056 /* AppDelegate.swift */ = {isa = PBXFileReference; lastKnownFileType = sourcecode.swift; path = AppDelegate.swift; sourceTree = "<group>"; };
		C883F7652826B80600A3D056 /* SceneDelegate.swift */ = {isa = PBXFileReference; lastKnownFileType = sourcecode.swift; path = SceneDelegate.swift; sourceTree = "<group>"; };
		C883F7672826B80600A3D056 /* ViewController.swift */ = {isa = PBXFileReference; lastKnownFileType = sourcecode.swift; path = ViewController.swift; sourceTree = "<group>"; };
		C883F76A2826B80600A3D056 /* Base */ = {isa = PBXFileReference; lastKnownFileType = file.storyboard; name = Base; path = Base.lproj/Main.storyboard; sourceTree = "<group>"; };
		C883F76C2826B80800A3D056 /* Assets.xcassets */ = {isa = PBXFileReference; lastKnownFileType = folder.assetcatalog; path = Assets.xcassets; sourceTree = "<group>"; };
		C883F76F2826B80800A3D056 /* Base */ = {isa = PBXFileReference; lastKnownFileType = file.storyboard; name = Base; path = Base.lproj/LaunchScreen.storyboard; sourceTree = "<group>"; };
		C883F7712826B80800A3D056 /* Info.plist */ = {isa = PBXFileReference; lastKnownFileType = text.plist.xml; path = Info.plist; sourceTree = "<group>"; };
		C883F7762826B80800A3D056 /* PermissionProjectTests.xctest */ = {isa = PBXFileReference; explicitFileType = wrapper.cfbundle; includeInIndex = 0; path = PermissionProjectTests.xctest; sourceTree = BUILT_PRODUCTS_DIR; };
		C883F77A2826B80800A3D056 /* PermissionProjectTests.swift */ = {isa = PBXFileReference; lastKnownFileType = sourcecode.swift; path = PermissionProjectTests.swift; sourceTree = "<group>"; };
		C883F7802826B80800A3D056 /* PermissionProjectUITests.xctest */ = {isa = PBXFileReference; explicitFileType = wrapper.cfbundle; includeInIndex = 0; path = PermissionProjectUITests.xctest; sourceTree = BUILT_PRODUCTS_DIR; };
		C883F7842826B80800A3D056 /* PermissionProjectUITests.swift */ = {isa = PBXFileReference; lastKnownFileType = sourcecode.swift; path = PermissionProjectUITests.swift; sourceTree = "<group>"; };
		C883F7862826B80800A3D056 /* PermissionProjectUITestsLaunchTests.swift */ = {isa = PBXFileReference; lastKnownFileType = sourcecode.swift; path = PermissionProjectUITestsLaunchTests.swift; sourceTree = "<group>"; };
/* End PBXFileReference section */

/* Begin PBXFrameworksBuildPhase section */
		C883F75D2826B80600A3D056 /* Frameworks */ = {
			isa = PBXFrameworksBuildPhase;
			buildActionMask = 2147483647;
			files = (
			);
			runOnlyForDeploymentPostprocessing = 0;
		};
		C883F7732826B80800A3D056 /* Frameworks */ = {
			isa = PBXFrameworksBuildPhase;
			buildActionMask = 2147483647;
			files = (
			);
			runOnlyForDeploymentPostprocessing = 0;
		};
		C883F77D2826B80800A3D056 /* Frameworks */ = {
			isa = PBXFrameworksBuildPhase;
			buildActionMask = 2147483647;
			files = (
			);
			runOnlyForDeploymentPostprocessing = 0;
		};
/* End PBXFrameworksBuildPhase section */

/* Begin PBXGroup section */
		C883F7572826B80600A3D056 = {
			isa = PBXGroup;
			children = (
				C883F7622826B80600A3D056 /* PermissionProject */,
				C883F7792826B80800A3D056 /* PermissionProjectTests */,
				C883F7832826B80800A3D056 /* PermissionProjectUITests */,
				C883F7612826B80600A3D056 /* Products */,
			);
			sourceTree = "<group>";
		};
		C883F7612826B80600A3D056 /* Products */ = {
			isa = PBXGroup;
			children = (
				C883F7602826B80600A3D056 /* PermissionProject.app */,
				C883F7762826B80800A3D056 /* PermissionProjectTests.xctest */,
				C883F7802826B80800A3D056 /* PermissionProjectUITests.xctest */,
			);
			name = Products;
			sourceTree = "<group>";
		};
		C883F7622826B80600A3D056 /* PermissionProject */ = {
			isa = PBXGroup;
			children = (
				C883F7632826B80600A3D056 /* AppDelegate.swift */,
				C883F7652826B80600A3D056 /* SceneDelegate.swift */,
				C883F7672826B80600A3D056 /* ViewController.swift */,
				C883F7692826B80600A3D056 /* Main.storyboard */,
				C883F76C2826B80800A3D056 /* Assets.xcassets */,
				C883F76E2826B80800A3D056 /* LaunchScreen.storyboard */,
				C883F7712826B80800A3D056 /* Info.plist */,
			);
			path = PermissionProject;
			sourceTree = "<group>";
		};
		C883F7792826B80800A3D056 /* PermissionProjectTests */ = {
			isa = PBXGroup;
			children = (
				C883F77A2826B80800A3D056 /* PermissionProjectTests.swift */,
			);
			path = PermissionProjectTests;
			sourceTree = "<group>";
		};
		C883F7832826B80800A3D056 /* PermissionProjectUITests */ = {
			isa = PBXGroup;
			children = (
				C883F7842826B80800A3D056 /* PermissionProjectUITests.swift */,
				C883F7862826B80800A3D056 /* PermissionProjectUITestsLaunchTests.swift */,
			);
			path = PermissionProjectUITests;
			sourceTree = "<group>";
		};
/* End PBXGroup section */

/* Begin PBXNativeTarget section */
		C883F75F2826B80600A3D056 /* PermissionProject */ = {
			isa = PBXNativeTarget;
			buildConfigurationList = C883F78A2826B80800A3D056 /* Build configuration list for PBXNativeTarget "PermissionProject" */;
			buildPhases = (
				C883F75C2826B80600A3D056 /* Sources */,
				C883F75D2826B80600A3D056 /* Frameworks */,
				C883F75E2826B80600A3D056 /* Resources */,
			);
			buildRules = (
			);
			dependencies = (
			);
			name = PermissionProject;
			productName = PermissionProject;
			productReference = C883F7602826B80600A3D056 /* PermissionProject.app */;
			productType = "com.apple.product-type.application";
		};
		C883F7752826B80800A3D056 /* PermissionProjectTests */ = {
			isa = PBXNativeTarget;
			buildConfigurationList = C883F78D2826B80800A3D056 /* Build configuration list for PBXNativeTarget "PermissionProjectTests" */;
			buildPhases = (
				C883F7722826B80800A3D056 /* Sources */,
				C883F7732826B80800A3D056 /* Frameworks */,
				C883F7742826B80800A3D056 /* Resources */,
			);
			buildRules = (
			);
			dependencies = (
				C883F7782826B80800A3D056 /* PBXTargetDependency */,
			);
			name = PermissionProjectTests;
			productName = PermissionProjectTests;
			productReference = C883F7762826B80800A3D056 /* PermissionProjectTests.xctest */;
			productType = "com.apple.product-type.bundle.unit-test";
		};
		C883F77F2826B80800A3D056 /* PermissionProjectUITests */ = {
			isa = PBXNativeTarget;
			buildConfigurationList = C883F7902826B80800A3D056 /* Build configuration list for PBXNativeTarget "PermissionProjectUITests" */;
			buildPhases = (
				C883F77C2826B80800A3D056 /* Sources */,
				C883F77D2826B80800A3D056 /* Frameworks */,
				C883F77E2826B80800A3D056 /* Resources */,
			);
			buildRules = (
			);
			dependencies = (
				C883F7822826B80800A3D056 /* PBXTargetDependency */,
			);
			name = PermissionProjectUITests;
			productName = PermissionProjectUITests;
			productReference = C883F7802826B80800A3D056 /* PermissionProjectUITests.xctest */;
			productType = "com.apple.product-type.bundle.ui-testing";
		};
/* End PBXNativeTarget section */

/* Begin PBXProject section */
		C883F7582826B80600A3D056 /* Project object */ = {
			isa = PBXProject;
			attributes = {
				BuildIndependentTargetsInParallel = 1;
				LastSwiftUpdateCheck = 1310;
				LastUpgradeCheck = 1310;
				TargetAttributes = {
					C883F75F2826B80600A3D056 = {
						CreatedOnToolsVersion = 13.1;
					};
					C883F7752826B80800A3D056 = {
						CreatedOnToolsVersion = 13.1;
						TestTargetID = C883F75F2826B80600A3D056;
					};
					C883F77F2826B80800A3D056 = {
						CreatedOnToolsVersion = 13.1;
						TestTargetID = C883F75F2826B80600A3D056;
					};
				};
			};
			buildConfigurationList = C883F75B2826B80600A3D056 /* Build configuration list for PBXProject "PermissionProject" */;
			compatibilityVersion = "Xcode 13.0";
			developmentRegion = en;
			hasScannedForEncodings = 0;
			knownRegions = (
				en,
				Base,
			);
			mainGroup = C883F7572826B80600A3D056;
			productRefGroup = C883F7612826B80600A3D056 /* Products */;
			projectDirPath = "";
			projectRoot = "";
			targets = (
				C883F75F2826B80600A3D056 /* PermissionProject */,
				C883F7752826B80800A3D056 /* PermissionProjectTests */,
				C883F77F2826B80800A3D056 /* PermissionProjectUITests */,
			);
		};
/* End PBXProject section */

/* Begin PBXResourcesBuildPhase section */
		C883F75E2826B80600A3D056 /* Resources */ = {
			isa = PBXResourcesBuildPhase;
			buildActionMask = 2147483647;
			files = (
				C883F7702826B80800A3D056 /* LaunchScreen.storyboard in Resources */,
				C883F76D2826B80800A3D056 /* Assets.xcassets in Resources */,
				C883F76B2826B80600A3D056 /* Main.storyboard in Resources */,
			);
			runOnlyForDeploymentPostprocessing = 0;
		};
		C883F7742826B80800A3D056 /* Resources */ = {
			isa = PBXResourcesBuildPhase;
			buildActionMask = 2147483647;
			files = (
			);
			runOnlyForDeploymentPostprocessing = 0;
		};
		C883F77E2826B80800A3D056 /* Resources */ = {
			isa = PBXResourcesBuildPhase;
			buildActionMask = 2147483647;
			files = (
			);
			runOnlyForDeploymentPostprocessing = 0;
		};
/* End PBXResourcesBuildPhase section */

/* Begin PBXSourcesBuildPhase section */
		C883F75C2826B80600A3D056 /* Sources */ = {
			isa = PBXSourcesBuildPhase;
			buildActionMask = 2147483647;
			files = (
				C883F7682826B80600A3D056 /* ViewController.swift in Sources */,
				C883F7642826B80600A3D056 /* AppDelegate.swift in Sources */,
				C883F7662826B80600A3D056 /* SceneDelegate.swift in Sources */,
			);
			runOnlyForDeploymentPostprocessing = 0;
		};
		C883F7722826B80800A3D056 /* Sources */ = {
			isa = PBXSourcesBuildPhase;
			buildActionMask = 2147483647;
			files = (
				C883F77B2826B80800A3D056 /* PermissionProjectTests.swift in Sources */,
			);
			runOnlyForDeploymentPostprocessing = 0;
		};
		C883F77C2826B80800A3D056 /* Sources */ = {
			isa = PBXSourcesBuildPhase;
			buildActionMask = 2147483647;
			files = (
				C883F7852826B80800A3D056 /* PermissionProjectUITests.swift in Sources */,
				C883F7872826B80800A3D056 /* PermissionProjectUITestsLaunchTests.swift in Sources */,
			);
			runOnlyForDeploymentPostprocessing = 0;
		};
/* End PBXSourcesBuildPhase section */

/* Begin PBXTargetDependency section */
		C883F7782826B80800A3D056 /* PBXTargetDependency */ = {
			isa = PBXTargetDependency;
			target = C883F75F2826B80600A3D056 /* PermissionProject */;
			targetProxy = C883F7772826B80800A3D056 /* PBXContainerItemProxy */;
		};
		C883F7822826B80800A3D056 /* PBXTargetDependency */ = {
			isa = PBXTargetDependency;
			target = C883F75F2826B80600A3D056 /* PermissionProject */;
			targetProxy = C883F7812826B80800A3D056 /* PBXContainerItemProxy */;
		};
/* End PBXTargetDependency section */

/* Begin PBXVariantGroup section */
		C883F7692826B80600A3D056 /* Main.storyboard */ = {
			isa = PBXVariantGroup;
			children = (
				C883F76A2826B80600A3D056 /* Base */,
			);
			name = Main.storyboard;
			sourceTree = "<group>";
		};
		C883F76E2826B80800A3D056 /* LaunchScreen.storyboard */ = {
			isa = PBXVariantGroup;
			children = (
				C883F76F2826B80800A3D056 /* Base */,
			);
			name = LaunchScreen.storyboard;
			sourceTree = "<group>";
		};
/* End PBXVariantGroup section */

/* Begin XCBuildConfiguration section */
		C883F7882826B80800A3D056 /* Debug */ = {
			isa = XCBuildConfiguration;
			buildSettings = {
				ALWAYS_SEARCH_USER_PATHS = NO;
				CLANG_ANALYZER_NONNULL = YES;
				CLANG_ANALYZER_NUMBER_OBJECT_CONVERSION = YES_AGGRESSIVE;
				CLANG_CXX_LANGUAGE_STANDARD = "gnu++17";
				CLANG_CXX_LIBRARY = "libc++";
				CLANG_ENABLE_MODULES = YES;
				CLANG_ENABLE_OBJC_ARC = YES;
				CLANG_ENABLE_OBJC_WEAK = YES;
				CLANG_WARN_BLOCK_CAPTURE_AUTORELEASING = YES;
				CLANG_WARN_BOOL_CONVERSION = YES;
				CLANG_WARN_COMMA = YES;
				CLANG_WARN_CONSTANT_CONVERSION = YES;
				CLANG_WARN_DEPRECATED_OBJC_IMPLEMENTATIONS = YES;
				CLANG_WARN_DIRECT_OBJC_ISA_USAGE = YES_ERROR;
				CLANG_WARN_DOCUMENTATION_COMMENTS = YES;
				CLANG_WARN_EMPTY_BODY = YES;
				CLANG_WARN_ENUM_CONVERSION = YES;
				CLANG_WARN_INFINITE_RECURSION = YES;
				CLANG_WARN_INT_CONVERSION = YES;
				CLANG_WARN_NON_LITERAL_NULL_CONVERSION = YES;
				CLANG_WARN_OBJC_IMPLICIT_RETAIN_SELF = YES;
				CLANG_WARN_OBJC_LITERAL_CONVERSION = YES;
				CLANG_WARN_OBJC_ROOT_CLASS = YES_ERROR;
				CLANG_WARN_QUOTED_INCLUDE_IN_FRAMEWORK_HEADER = YES;
				CLANG_WARN_RANGE_LOOP_ANALYSIS = YES;
				CLANG_WARN_STRICT_PROTOTYPES = YES;
				CLANG_WARN_SUSPICIOUS_MOVE = YES;
				CLANG_WARN_UNGUARDED_AVAILABILITY = YES_AGGRESSIVE;
				CLANG_WARN_UNREACHABLE_CODE = YES;
				CLANG_WARN__DUPLICATE_METHOD_MATCH = YES;
				COPY_PHASE_STRIP = NO;
				DEBUG_INFORMATION_FORMAT = dwarf;
				ENABLE_STRICT_OBJC_MSGSEND = YES;
				ENABLE_TESTABILITY = YES;
				GCC_C_LANGUAGE_STANDARD = gnu11;
				GCC_DYNAMIC_NO_PIC = NO;
				GCC_NO_COMMON_BLOCKS = YES;
				GCC_OPTIMIZATION_LEVEL = 0;
				GCC_PREPROCESSOR_DEFINITIONS = (
					"DEBUG=1",
					"$(inherited)",
				);
				GCC_WARN_64_TO_32_BIT_CONVERSION = YES;
				GCC_WARN_ABOUT_RETURN_TYPE = YES_ERROR;
				GCC_WARN_UNDECLARED_SELECTOR = YES;
				GCC_WARN_UNINITIALIZED_AUTOS = YES_AGGRESSIVE;
				GCC_WARN_UNUSED_FUNCTION = YES;
				GCC_WARN_UNUSED_VARIABLE = YES;
				IPHONEOS_DEPLOYMENT_TARGET = 15.0;
				MTL_ENABLE_DEBUG_INFO = INCLUDE_SOURCE;
				MTL_FAST_MATH = YES;
				ONLY_ACTIVE_ARCH = YES;
				SDKROOT = iphoneos;
				SWIFT_ACTIVE_COMPILATION_CONDITIONS = DEBUG;
				SWIFT_OPTIMIZATION_LEVEL = "-Onone";
			};
			name = Debug;
		};
		C883F7892826B80800A3D056 /* Release */ = {
			isa = XCBuildConfiguration;
			buildSettings = {
				ALWAYS_SEARCH_USER_PATHS = NO;
				CLANG_ANALYZER_NONNULL = YES;
				CLANG_ANALYZER_NUMBER_OBJECT_CONVERSION = YES_AGGRESSIVE;
				CLANG_CXX_LANGUAGE_STANDARD = "gnu++17";
				CLANG_CXX_LIBRARY = "libc++";
				CLANG_ENABLE_MODULES = YES;
				CLANG_ENABLE_OBJC_ARC = YES;
				CLANG_ENABLE_OBJC_WEAK = YES;
				CLANG_WARN_BLOCK_CAPTURE_AUTORELEASING = YES;
				CLANG_WARN_BOOL_CONVERSION = YES;
				CLANG_WARN_COMMA = YES;
				CLANG_WARN_CONSTANT_CONVERSION = YES;
				CLANG_WARN_DEPRECATED_OBJC_IMPLEMENTATIONS = YES;
				CLANG_WARN_DIRECT_OBJC_ISA_USAGE = YES_ERROR;
				CLANG_WARN_DOCUMENTATION_COMMENTS = YES;
				CLANG_WARN_EMPTY_BODY = YES;
				CLANG_WARN_ENUM_CONVERSION = YES;
				CLANG_WARN_INFINITE_RECURSION = YES;
				CLANG_WARN_INT_CONVERSION = YES;
				CLANG_WARN_NON_LITERAL_NULL_CONVERSION = YES;
				CLANG_WARN_OBJC_IMPLICIT_RETAIN_SELF = YES;
				CLANG_WARN_OBJC_LITERAL_CONVERSION = YES;
				CLANG_WARN_OBJC_ROOT_CLASS = YES_ERROR;
				CLANG_WARN_QUOTED_INCLUDE_IN_FRAMEWORK_HEADER = YES;
				CLANG_WARN_RANGE_LOOP_ANALYSIS = YES;
				CLANG_WARN_STRICT_PROTOTYPES = YES;
				CLANG_WARN_SUSPICIOUS_MOVE = YES;
				CLANG_WARN_UNGUARDED_AVAILABILITY = YES_AGGRESSIVE;
				CLANG_WARN_UNREACHABLE_CODE = YES;
				CLANG_WARN__DUPLICATE_METHOD_MATCH = YES;
				COPY_PHASE_STRIP = NO;
				DEBUG_INFORMATION_FORMAT = "dwarf-with-dsym";
				ENABLE_NS_ASSERTIONS = NO;
				ENABLE_STRICT_OBJC_MSGSEND = YES;
				GCC_C_LANGUAGE_STANDARD = gnu11;
				GCC_NO_COMMON_BLOCKS = YES;
				GCC_WARN_64_TO_32_BIT_CONVERSION = YES;
				GCC_WARN_ABOUT_RETURN_TYPE = YES_ERROR;
				GCC_WARN_UNDECLARED_SELECTOR = YES;
				GCC_WARN_UNINITIALIZED_AUTOS = YES_AGGRESSIVE;
				GCC_WARN_UNUSED_FUNCTION = YES;
				GCC_WARN_UNUSED_VARIABLE = YES;
				IPHONEOS_DEPLOYMENT_TARGET = 15.0;
				MTL_ENABLE_DEBUG_INFO = NO;
				MTL_FAST_MATH = YES;
				SDKROOT = iphoneos;
				SWIFT_COMPILATION_MODE = wholemodule;
				SWIFT_OPTIMIZATION_LEVEL = "-O";
				VALIDATE_PRODUCT = YES;
			};
			name = Release;
		};
		C883F78B2826B80800A3D056 /* Debug */ = {
			isa = XCBuildConfiguration;
			buildSettings = {
				ASSETCATALOG_COMPILER_APPICON_NAME = AppIcon;
				ASSETCATALOG_COMPILER_GLOBAL_ACCENT_COLOR_NAME = AccentColor;
				CODE_SIGN_STYLE = Automatic;
				CURRENT_PROJECT_VERSION = 1;
				DEVELOPMENT_TEAM = A4XW7DX4KH;
				GENERATE_INFOPLIST_FILE = YES;
				INFOPLIST_FILE = PermissionProject/Info.plist;
				INFOPLIST_KEY_UIApplicationSupportsIndirectInputEvents = YES;
				INFOPLIST_KEY_UILaunchStoryboardName = LaunchScreen;
				INFOPLIST_KEY_UIMainStoryboardFile = Main;
				INFOPLIST_KEY_UISupportedInterfaceOrientations_iPad = "UIInterfaceOrientationPortrait UIInterfaceOrientationPortraitUpsideDown UIInterfaceOrientationLandscapeLeft UIInterfaceOrientationLandscapeRight";
				INFOPLIST_KEY_UISupportedInterfaceOrientations_iPhone = "UIInterfaceOrientationPortrait UIInterfaceOrientationLandscapeLeft UIInterfaceOrientationLandscapeRight";
				LD_RUNPATH_SEARCH_PATHS = (
					"$(inherited)",
					"@executable_path/Frameworks",
				);
				MARKETING_VERSION = 1.0;
				PRODUCT_BUNDLE_IDENTIFIER = com.aliertekin.PermissionProject;
				PRODUCT_NAME = "$(TARGET_NAME)";
				SWIFT_EMIT_LOC_STRINGS = YES;
				SWIFT_VERSION = 5.0;
				TARGETED_DEVICE_FAMILY = "1,2";
			};
			name = Debug;
		};
		C883F78C2826B80800A3D056 /* Release */ = {
			isa = XCBuildConfiguration;
			buildSettings = {
				ASSETCATALOG_COMPILER_APPICON_NAME = AppIcon;
				ASSETCATALOG_COMPILER_GLOBAL_ACCENT_COLOR_NAME = AccentColor;
				CODE_SIGN_STYLE = Automatic;
				CURRENT_PROJECT_VERSION = 1;
				DEVELOPMENT_TEAM = A4XW7DX4KH;
				GENERATE_INFOPLIST_FILE = YES;
				INFOPLIST_FILE = PermissionProject/Info.plist;
				INFOPLIST_KEY_UIApplicationSupportsIndirectInputEvents = YES;
				INFOPLIST_KEY_UILaunchStoryboardName = LaunchScreen;
				INFOPLIST_KEY_UIMainStoryboardFile = Main;
				INFOPLIST_KEY_UISupportedInterfaceOrientations_iPad = "UIInterfaceOrientationPortrait UIInterfaceOrientationPortraitUpsideDown UIInterfaceOrientationLandscapeLeft UIInterfaceOrientationLandscapeRight";
				INFOPLIST_KEY_UISupportedInterfaceOrientations_iPhone = "UIInterfaceOrientationPortrait UIInterfaceOrientationLandscapeLeft UIInterfaceOrientationLandscapeRight";
				LD_RUNPATH_SEARCH_PATHS = (
					"$(inherited)",
					"@executable_path/Frameworks",
				);
				MARKETING_VERSION = 1.0;
				PRODUCT_BUNDLE_IDENTIFIER = com.aliertekin.PermissionProject;
				PRODUCT_NAME = "$(TARGET_NAME)";
				SWIFT_EMIT_LOC_STRINGS = YES;
				SWIFT_VERSION = 5.0;
				TARGETED_DEVICE_FAMILY = "1,2";
			};
			name = Release;
		};
		C883F78E2826B80800A3D056 /* Debug */ = {
			isa = XCBuildConfiguration;
			buildSettings = {
				ALWAYS_EMBED_SWIFT_STANDARD_LIBRARIES = YES;
				BUNDLE_LOADER = "$(TEST_HOST)";
				CODE_SIGN_STYLE = Automatic;
				CURRENT_PROJECT_VERSION = 1;
				DEVELOPMENT_TEAM = A4XW7DX4KH;
				GENERATE_INFOPLIST_FILE = YES;
				IPHONEOS_DEPLOYMENT_TARGET = 15.0;
				LD_RUNPATH_SEARCH_PATHS = (
					"$(inherited)",
					"@executable_path/Frameworks",
					"@loader_path/Frameworks",
				);
				MARKETING_VERSION = 1.0;
				PRODUCT_BUNDLE_IDENTIFIER = com.aliertekin.PermissionProjectTests;
				PRODUCT_NAME = "$(TARGET_NAME)";
				SWIFT_EMIT_LOC_STRINGS = NO;
				SWIFT_VERSION = 5.0;
				TARGETED_DEVICE_FAMILY = "1,2";
				TEST_HOST = "$(BUILT_PRODUCTS_DIR)/PermissionProject.app/PermissionProject";
			};
			name = Debug;
		};
		C883F78F2826B80800A3D056 /* Release */ = {
			isa = XCBuildConfiguration;
			buildSettings = {
				ALWAYS_EMBED_SWIFT_STANDARD_LIBRARIES = YES;
				BUNDLE_LOADER = "$(TEST_HOST)";
				CODE_SIGN_STYLE = Automatic;
				CURRENT_PROJECT_VERSION = 1;
				DEVELOPMENT_TEAM = A4XW7DX4KH;
				GENERATE_INFOPLIST_FILE = YES;
				IPHONEOS_DEPLOYMENT_TARGET = 15.0;
				LD_RUNPATH_SEARCH_PATHS = (
					"$(inherited)",
					"@executable_path/Frameworks",
					"@loader_path/Frameworks",
				);
				MARKETING_VERSION = 1.0;
				PRODUCT_BUNDLE_IDENTIFIER = com.aliertekin.PermissionProjectTests;
				PRODUCT_NAME = "$(TARGET_NAME)";
				SWIFT_EMIT_LOC_STRINGS = NO;
				SWIFT_VERSION = 5.0;
				TARGETED_DEVICE_FAMILY = "1,2";
				TEST_HOST = "$(BUILT_PRODUCTS_DIR)/PermissionProject.app/PermissionProject";
			};
			name = Release;
		};
		C883F7912826B80800A3D056 /* Debug */ = {
			isa = XCBuildConfiguration;
			buildSettings = {
				ALWAYS_EMBED_SWIFT_STANDARD_LIBRARIES = YES;
				CODE_SIGN_STYLE = Automatic;
				CURRENT_PROJECT_VERSION = 1;
				DEVELOPMENT_TEAM = A4XW7DX4KH;
				GENERATE_INFOPLIST_FILE = YES;
				LD_RUNPATH_SEARCH_PATHS = (
					"$(inherited)",
					"@executable_path/Frameworks",
					"@loader_path/Frameworks",
				);
				MARKETING_VERSION = 1.0;
				PRODUCT_BUNDLE_IDENTIFIER = com.aliertekin.PermissionProjectUITests;
				PRODUCT_NAME = "$(TARGET_NAME)";
				SWIFT_EMIT_LOC_STRINGS = NO;
				SWIFT_VERSION = 5.0;
				TARGETED_DEVICE_FAMILY = "1,2";
				TEST_TARGET_NAME = PermissionProject;
			};
			name = Debug;
		};
		C883F7922826B80800A3D056 /* Release */ = {
			isa = XCBuildConfiguration;
			buildSettings = {
				ALWAYS_EMBED_SWIFT_STANDARD_LIBRARIES = YES;
				CODE_SIGN_STYLE = Automatic;
				CURRENT_PROJECT_VERSION = 1;
				DEVELOPMENT_TEAM = A4XW7DX4KH;
				GENERATE_INFOPLIST_FILE = YES;
				LD_RUNPATH_SEARCH_PATHS = (
					"$(inherited)",
					"@executable_path/Frameworks",
					"@loader_path/Frameworks",
				);
				MARKETING_VERSION = 1.0;
				PRODUCT_BUNDLE_IDENTIFIER = com.aliertekin.PermissionProjectUITests;
				PRODUCT_NAME = "$(TARGET_NAME)";
				SWIFT_EMIT_LOC_STRINGS = NO;
				SWIFT_VERSION = 5.0;
				TARGETED_DEVICE_FAMILY = "1,2";
				TEST_TARGET_NAME = PermissionProject;
			};
			name = Release;
		};
/* End XCBuildConfiguration section */

/* Begin XCConfigurationList section */
		C883F75B2826B80600A3D056 /* Build configuration list for PBXProject "PermissionProject" */ = {
			isa = XCConfigurationList;
			buildConfigurations = (
				C883F7882826B80800A3D056 /* Debug */,
				C883F7892826B80800A3D056 /* Release */,
			);
			defaultConfigurationIsVisible = 0;
			defaultConfigurationName = Release;
		};
		C883F78A2826B80800A3D056 /* Build configuration list for PBXNativeTarget "PermissionProject" */ = {
			isa = XCConfigurationList;
			buildConfigurations = (
				C883F78B2826B80800A3D056 /* Debug */,
				C883F78C2826B80800A3D056 /* Release */,
			);
			defaultConfigurationIsVisible = 0;
			defaultConfigurationName = Release;
		};
		C883F78D2826B80800A3D056 /* Build configuration list for PBXNativeTarget "PermissionProjectTests" */ = {
			isa = XCConfigurationList;
			buildConfigurations = (
				C883F78E2826B80800A3D056 /* Debug */,
				C883F78F2826B80800A3D056 /* Release */,
			);
			defaultConfigurationIsVisible = 0;
			defaultConfigurationName = Release;
		};
		C883F7902826B80800A3D056 /* Build configuration list for PBXNativeTarget "PermissionProjectUITests" */ = {
			isa = XCConfigurationList;
			buildConfigurations = (
				C883F7912826B80800A3D056 /* Debug */,
				C883F7922826B80800A3D056 /* Release */,
			);
			defaultConfigurationIsVisible = 0;
			defaultConfigurationName = Release;
		};
/* End XCConfigurationList section */
	};
	rootObject = C883F7582826B80600A3D056 /* Project object */;
}
